
Microsoft Visual Studio Solution File, Format Version 12.00
# Visual Studio Version 17
VisualStudioVersion = 17.0.31903.59
MinimumVisualStudioVersion = 10.0.40219.1
Project("{2150E333-8FDC-42A3-9474-1A3956D46DE8}") = "src", "src", "{EA780C1D-024E-4701-B645-E576885723AB}"
EndProject
Project("{FAE04EC0-301F-11D3-BF4B-00C04F79EFBC}") = "ExternalApiConsumer.Core", "src\ExternalApiConsumer.Core\ExternalApiConsumer.Core.csproj", "{661FDCB0-46FF-4909-A43C-8F05F45A1BCC}"
EndProject
Project("{FAE04EC0-301F-11D3-BF4B-00C04F79EFBC}") = "ExternalApiConsumer.Application", "src\ExternalApiConsumer.Application\ExternalApiConsumer.Application.csproj", "{D2C3703C-DB98-4D5B-AD17-F26EE2914D8D}"
EndProject
Project("{FAE04EC0-301F-11D3-BF4B-00C04F79EFBC}") = "ExternalApiConsumer.Infrastructure", "src\ExternalApiConsumer.Infrastructure\ExternalApiConsumer.Infrastructure.csproj", "{0EAF5F64-2694-4E80-8AB7-125595CB1C30}"
EndProject
Project("{FAE04EC0-301F-11D3-BF4B-00C04F79EFBC}") = "ExternalApiConsumer.API", "src\ExternalApiConsumer.API\ExternalApiConsumer.API.csproj", "{D31079DA-60FA-4D0F-B705-25E40F2C479D}"
EndProject
Project("{2150E333-8FDC-42A3-9474-1A3956D46DE8}") = "tests", "tests", "{3C6D07E9-7C19-4497-993F-BA304B7174B5}"
EndProject
Project("{FAE04EC0-301F-11D3-BF4B-00C04F79EFBC}") = "ExternalApiConsumer.Tests", "tests\ExternalApiConsumer.Tests\ExternalApiConsumer.Tests.csproj", "{E8D343ED-4C5F-4224-94F3-08F69B5EC698}"
EndProject
Global
	GlobalSection(SolutionConfigurationPlatforms) = preSolution
		Debug|Any CPU = Debug|Any CPU
		Release|Any CPU = Release|Any CPU
	EndGlobalSection
	GlobalSection(SolutionProperties) = preSolution
		HideSolutionNode = FALSE
	EndGlobalSection
	GlobalSection(ProjectConfigurationPlatforms) = postSolution
		{661FDCB0-46FF-4909-A43C-8F05F45A1BCC}.Debug|Any CPU.ActiveCfg = Debug|Any CPU
		{661FDCB0-46FF-4909-A43C-8F05F45A1BCC}.Debug|Any CPU.Build.0 = Debug|Any CPU
		{661FDCB0-46FF-4909-A43C-8F05F45A1BCC}.Release|Any CPU.ActiveCfg = Release|Any CPU
		{661FDCB0-46FF-4909-A43C-8F05F45A1BCC}.Release|Any CPU.Build.0 = Release|Any CPU
		{D2C3703C-DB98-4D5B-AD17-F26EE2914D8D}.Debug|Any CPU.ActiveCfg = Debug|Any CPU
		{D2C3703C-DB98-4D5B-AD17-F26EE2914D8D}.Debug|Any CPU.Build.0 = Debug|Any CPU
		{D2C3703C-DB98-4D5B-AD17-F26EE2914D8D}.Release|Any CPU.ActiveCfg = Release|Any CPU
		{D2C3703C-DB98-4D5B-AD17-F26EE2914D8D}.Release|Any CPU.Build.0 = Release|Any CPU
		{0EAF5F64-2694-4E80-8AB7-125595CB1C30}.Debug|Any CPU.ActiveCfg = Debug|Any CPU
		{0EAF5F64-2694-4E80-8AB7-125595CB1C30}.Debug|Any CPU.Build.0 = Debug|Any CPU
		{0EAF5F64-2694-4E80-8AB7-125595CB1C30}.Release|Any CPU.ActiveCfg = Release|Any CPU
		{0EAF5F64-2694-4E80-8AB7-125595CB1C30}.Release|Any CPU.Build.0 = Release|Any CPU
		{D31079DA-60FA-4D0F-B705-25E40F2C479D}.Debug|Any CPU.ActiveCfg = Debug|Any CPU
		{D31079DA-60FA-4D0F-B705-25E40F2C479D}.Debug|Any CPU.Build.0 = Debug|Any CPU
		{D31079DA-60FA-4D0F-B705-25E40F2C479D}.Release|Any CPU.ActiveCfg = Release|Any CPU
		{D31079DA-60FA-4D0F-B705-25E40F2C479D}.Release|Any CPU.Build.0 = Release|Any CPU
		{E8D343ED-4C5F-4224-94F3-08F69B5EC698}.Debug|Any CPU.ActiveCfg = Debug|Any CPU
		{E8D343ED-4C5F-4224-94F3-08F69B5EC698}.Debug|Any CPU.Build.0 = Debug|Any CPU
		{E8D343ED-4C5F-4224-94F3-08F69B5EC698}.Release|Any CPU.ActiveCfg = Release|Any CPU
		{E8D343ED-4C5F-4224-94F3-08F69B5EC698}.Release|Any CPU.Build.0 = Release|Any CPU
	EndGlobalSection
	GlobalSection(NestedProjects) = preSolution
		{661FDCB0-46FF-4909-A43C-8F05F45A1BCC} = {EA780C1D-024E-4701-B645-E576885723AB}
		{D2C3703C-DB98-4D5B-AD17-F26EE2914D8D} = {EA780C1D-024E-4701-B645-E576885723AB}
		{0EAF5F64-2694-4E80-8AB7-125595CB1C30} = {EA780C1D-024E-4701-B645-E576885723AB}
		{D31079DA-60FA-4D0F-B705-25E40F2C479D} = {EA780C1D-024E-4701-B645-E576885723AB}
		{E8D343ED-4C5F-4224-94F3-08F69B5EC698} = {3C6D07E9-7C19-4497-993F-BA304B7174B5}
	EndGlobalSection
EndGlobal
